
Microsoft Visual Studio Solution File, Format Version 12.00
# Visual Studio Version 17
VisualStudioVersion = 17.6.33815.320
MinimumVisualStudioVersion = 10.0.40219.1
Project("{FAE04EC0-301F-11D3-BF4B-00C04F79EFBC}") = "Anket", "Anket\Anket.csproj", "{D7AF0BE6-A18D-41A3-BF47-57CB3F7EA770}"
EndProject
Global
	GlobalSection(SolutionConfigurationPlatforms) = preSolution
		Debug|Any CPU = Debug|Any CPU
		Release|Any CPU = Release|Any CPU
	EndGlobalSection
	GlobalSection(ProjectConfigurationPlatforms) = postSolution
		{D7AF0BE6-A18D-41A3-BF47-57CB3F7EA770}.Debug|Any CPU.ActiveCfg = Debug|Any CPU
		{D7AF0BE6-A18D-41A3-BF47-57CB3F7EA770}.Debug|Any CPU.Build.0 = Debug|Any CPU
		{D7AF0BE6-A18D-41A3-BF47-57CB3F7EA770}.Release|Any CPU.ActiveCfg = Release|Any CPU
		{D7AF0BE6-A18D-41A3-BF47-57CB3F7EA770}.Release|Any CPU.Build.0 = Release|Any CPU
	EndGlobalSection
	GlobalSection(SolutionProperties) = preSolution
		HideSolutionNode = FALSE
	EndGlobalSection
	GlobalSection(ExtensibilityGlobals) = postSolution
		SolutionGuid = {DB4D2EC8-2061-4EEE-A422-A16C7E53EE7A}
	EndGlobalSection
EndGlobal
